
Microsoft Visual Studio Solution File, Format Version 12.00
# Visual Studio Version 16
VisualStudioVersion = 16.0.28922.388
MinimumVisualStudioVersion = 10.0.40219.1
Project("{FAE04EC0-301F-11D3-BF4B-00C04F79EFBC}") = "PerAreaVolSashaM", "PerAreaVolSashaM\PerAreaVolSashaM.csproj", "{B626ED43-8191-4E22-BC13-C706DBB2E559}"
EndProject
Global
	GlobalSection(SolutionConfigurationPlatforms) = preSolution
		Debug|Any CPU = Debug|Any CPU
		Release|Any CPU = Release|Any CPU
	EndGlobalSection
	GlobalSection(ProjectConfigurationPlatforms) = postSolution
		{B626ED43-8191-4E22-BC13-C706DBB2E559}.Debug|Any CPU.ActiveCfg = Debug|Any CPU
		{B626ED43-8191-4E22-BC13-C706DBB2E559}.Debug|Any CPU.Build.0 = Debug|Any CPU
		{B626ED43-8191-4E22-BC13-C706DBB2E559}.Release|Any CPU.ActiveCfg = Release|Any CPU
		{B626ED43-8191-4E22-BC13-C706DBB2E559}.Release|Any CPU.Build.0 = Release|Any CPU
	EndGlobalSection
	GlobalSection(SolutionProperties) = preSolution
		HideSolutionNode = FALSE
	EndGlobalSection
	GlobalSection(ExtensibilityGlobals) = postSolution
		SolutionGuid = {470DC2F5-44EE-491A-8EF5-75BC47B6C90B}
	EndGlobalSection
EndGlobal
