
Microsoft Visual Studio Solution File, Format Version 12.00
# Visual Studio Version 16
VisualStudioVersion = 16.0.28922.388
MinimumVisualStudioVersion = 10.0.40219.1
Project("{FAE04EC0-301F-11D3-BF4B-00C04F79EFBC}") = "HelloIntSasha", "HelloIntSasha\HelloIntSasha.csproj", "{D4DA02C1-6C15-474D-9C3C-D3405183AD16}"
EndProject
Global
	GlobalSection(SolutionConfigurationPlatforms) = preSolution
		Debug|Any CPU = Debug|Any CPU
		Release|Any CPU = Release|Any CPU
	EndGlobalSection
	GlobalSection(ProjectConfigurationPlatforms) = postSolution
		{D4DA02C1-6C15-474D-9C3C-D3405183AD16}.Debug|Any CPU.ActiveCfg = Debug|Any CPU
		{D4DA02C1-6C15-474D-9C3C-D3405183AD16}.Debug|Any CPU.Build.0 = Debug|Any CPU
		{D4DA02C1-6C15-474D-9C3C-D3405183AD16}.Release|Any CPU.ActiveCfg = Release|Any CPU
		{D4DA02C1-6C15-474D-9C3C-D3405183AD16}.Release|Any CPU.Build.0 = Release|Any CPU
	EndGlobalSection
	GlobalSection(SolutionProperties) = preSolution
		HideSolutionNode = FALSE
	EndGlobalSection
	GlobalSection(ExtensibilityGlobals) = postSolution
		SolutionGuid = {27DDD73F-4B18-4311-91B4-7CE657C3518D}
	EndGlobalSection
EndGlobal
